# THIS IS AN AUTOGENERATED FILE. DO NOT EDIT THIS FILE DIRECTLY.
# yarn lockfile v1


"@babel/code-frame@^7.23.5":
  version "7.23.5"
  dependencies:
    "@babel/highlight" "^7.23.4"
    chalk "^2.4.2"

"@babel/helper-validator-identifier@^7.22.20":
  version "7.22.20"

"@babel/highlight@^7.23.4":
  version "7.23.4"
  dependencies:
    "@babel/helper-validator-identifier" "^7.22.20"
    chalk "^2.4.2"
    js-tokens "^4.0.0"

"@babel/parser@^7.23.5":
  version "7.23.6"

"@cordisjs/cli@^0.2.0":
  version "0.2.0"
  dependencies:
    "@cordisjs/loader" "0.2.0"
    "@cordisjs/logger" "^0.1.2"
    cordis "^3.4.0"
    cosmokit "^1.5.1"

"@cordisjs/loader@0.2.0":
  version "0.2.0"
  dependencies:
    cosmokit "^1.5.1"
    dotenv "^16.3.1"
    js-yaml "^4.1.0"

"@cordisjs/logger@^0.1.2", "@cordisjs/logger@^0.1.3":
  version "0.1.3"
  dependencies:
    reggol "^1.6.3"

"@cordisjs/server@^0.1.3":
  version "0.1.3"
  dependencies:
    "@koa/router" "^10.1.1"
    "@types/koa" "*"
    "@types/koa__router" "*"
    "@types/ws" "^8.5.10"
    koa "^2.14.2"
    koa-bodyparser "^4.4.1"
    parseurl "^1.3.3"
    path-to-regexp "^6.2.1"
    reggol "^1.6.3"
    schemastery "^3.14.1"
    ws "^8.14.2"

"@ctrl/tinycolor@^3.4.1":
  version "3.6.1"

"@element-plus/icons-vue@^2.0.6":
  version "2.3.1"

"@esbuild/win32-x64@0.18.20":
  version "0.18.20"

"@floating-ui/core@^1.4.2":
  version "1.5.2"
  dependencies:
    "@floating-ui/utils" "^0.1.3"

"@floating-ui/dom@^1.0.1":
  version "1.5.3"
  dependencies:
    "@floating-ui/core" "^1.4.2"
    "@floating-ui/utils" "^0.1.3"

"@floating-ui/utils@^0.1.3":
  version "0.1.6"

"@intlify/core-base@9.8.0":
  version "9.8.0"
  dependencies:
    "@intlify/message-compiler" "9.8.0"
    "@intlify/shared" "9.8.0"

"@intlify/message-compiler@9.8.0":
  version "9.8.0"
  dependencies:
    "@intlify/shared" "9.8.0"
    source-map-js "^1.0.2"

"@intlify/shared@9.8.0":
  version "9.8.0"

"@jridgewell/sourcemap-codec@^1.4.15":
  version "1.4.15"

"@koa/router@^10.1.1":
  version "10.1.1"
  dependencies:
    debug "^4.1.1"
    http-errors "^1.7.3"
    koa-compose "^4.1.0"
    methods "^1.1.2"
    path-to-regexp "^6.1.0"

"@koishijs/assets@^1.0.3":
  version "1.0.3"
  dependencies:
    file-type "^16.5.4"

"@koishijs/canvas@^0.2.0":
  version "0.2.0"

"@koishijs/client@^5.16.1", "@koishijs/client@^5.22.6":
  version "5.22.6"
  dependencies:
    "@koishijs/components" "1.5.2"
    "@maikolib/vite-plugin-yaml" "^1.0.1"
    "@satorijs/protocol" "^1.1.3"
    "@vitejs/plugin-vue" "^4.5.1"
    "@vueuse/core" "^10.6.1"
    cac "^6.7.14"
    cordis "^3.4.1"
    cosmokit "^1.5.1"
    element-plus "2.4.0"
    marked-vue "^1.3.0"
    ns-require "^1.1.4"
    sass "^1.69.5"
    vite "^4.5.0"
    vue "^3.3.13"
    vue-i18n "^9.8.0"
    vue-router "^4.2.5"

"@koishijs/components@1.5.2":
  version "1.5.2"
  dependencies:
    "@satorijs/element" "^2.6.1"
    cosmokit "^1.5.1"
    schemastery-vue "^7.2.2"

"@koishijs/console@^5.16.0", "@koishijs/console@^5.16.1", "@koishijs/console@^5.17.1", "@koishijs/console@^5.19.1", "@koishijs/console@^5.20.0", "@koishijs/console@^5.21.0", "@koishijs/console@^5.22.1", "@koishijs/console@^5.22.3", "@koishijs/console@^5.22.6", "@koishijs/console@^5.23.0":
  version "5.23.0"
  resolved "https://registry.npmjs.org/@koishijs/console/-/console-5.23.0.tgz"
  integrity sha512-xLngbM5bYIZETehw8IalruQv/1HQZEJtL4ooUf9dG8w+xECBRl4kqAefOV2v8/uwpgwnL+8nZgleVXCQDRUHSg==

"@koishijs/core@4.16.2":
  version "4.16.2"
  dependencies:
    "@koishijs/i18n-utils" "^1.0.0"
    "@koishijs/utils" "^7.1.1"
    "@minatojs/core" "^2.8.1"
    "@satorijs/core" "^3.3.2"
    cordis "^3.4.1"
    cosmokit "^1.5.1"
    fastest-levenshtein "^1.0.16"

"@koishijs/i18n-utils@^1.0.0":
  version "1.0.0"
  dependencies:
    cosmokit "^1.4.2"

"@koishijs/loader@4.3.2":
  version "4.3.2"
  dependencies:
    dotenv "^16.3.1"
    js-yaml "^4.1.0"
    ns-require "^1.1.4"

"@koishijs/plugin-actions@^0.0.2":
  version "0.0.2"
  dependencies:
    "@koishijs/console" "^5.19.1"

"@koishijs/plugin-adapter-discord@4.1.9":
  version "4.1.9"
  resolved "https://registry.npmjs.org/@koishijs/plugin-adapter-discord/-/plugin-adapter-discord-4.1.9.tgz"
  integrity sha512-lZ2oxtfE/zqY4KvirmZSR1onw+l/s30suWHAlow31f0DoVwTE6h6JKF+impwl7oBEeWZNfcMextCHkI1RFjtyQ==
  dependencies:
    "@satorijs/adapter-discord" "^4.1.9"

"@koishijs/plugin-adapter-kook@4.3.4":
  version "4.3.4"
  resolved "https://registry.npmjs.org/@koishijs/plugin-adapter-kook/-/plugin-adapter-kook-4.3.4.tgz"
  integrity sha512-SRHyQ5OeLH1hgphZtp8oTDbIaUtYqWD3SsXxXM3MvYa9TZm0LyJyt/Nxtl0oQhEgVi5lD8bFH6wgU8IdgqggMA==
  dependencies:
    "@satorijs/adapter-kook" "^4.3.4"

"@koishijs/plugin-adapter-qq@^4.2.5":
  version "4.2.5"
  dependencies:
    "@satorijs/adapter-qq" "^4.2.5"

"@koishijs/plugin-adapter-satori@^1.0.3":
  version "1.0.3"
  dependencies:
    "@satorijs/adapter-satori" "^1.0.3"

"@koishijs/plugin-adapter-telegram@^4.2.1":
  version "4.2.1"
  dependencies:
    "@satorijs/adapter-telegram" "^4.2.1"

"@koishijs/plugin-admin@2.0.0-alpha.6":
  version "2.0.0-alpha.6"
  resolved "https://registry.npmjs.org/@koishijs/plugin-admin/-/plugin-admin-2.0.0-alpha.6.tgz"
  integrity sha512-wsAlaRwsAsXiUHCtMgvsA5rw7ChsiJ2sIAeWBqsqGSd2pJB7SS1F8wXdVSv5h+gCwDylCsNt+5lKcb/lpJYBKA==
  dependencies:
    "@koishijs/console" "^5.23.0"
    throttle-debounce "^3.0.1"

"@koishijs/plugin-analytics@^2.0.5":
  version "2.0.5"
  dependencies:
    "@koishijs/console" "^5.22.1"

"@koishijs/plugin-auth@^4.1.6":
  version "4.1.6"
  dependencies:
    "@koishijs/console" "^5.20.0"

"@koishijs/plugin-bind@^1.4.5":
  version "1.5.0"

"@koishijs/plugin-commands@^3.4.3":
  version "3.4.3"
  dependencies:
    "@koishijs/console" "^5.17.1"
    throttle-debounce "^3.0.1"

"@koishijs/plugin-config@^2.8.1":
  version "2.8.1"
  dependencies:
    "@koishijs/console" "^5.22.6"
    "@koishijs/registry" "^7.0.0"
    throttle-debounce "^3.0.1"

"@koishijs/plugin-console@^5", "@koishijs/plugin-console@^5.11.6", "@koishijs/plugin-console@^5.16.0", "@koishijs/plugin-console@^5.16.1", "@koishijs/plugin-console@^5.17.1", "@koishijs/plugin-console@^5.19.1", "@koishijs/plugin-console@^5.20.0", "@koishijs/plugin-console@^5.21.0", "@koishijs/plugin-console@^5.22.1", "@koishijs/plugin-console@^5.22.3", "@koishijs/plugin-console@^5.22.6", "@koishijs/plugin-console@^5.23.0", "@koishijs/plugin-console@^5.7.7", "@koishijs/plugin-console@5.23.0":
  version "5.23.0"
  resolved "https://registry.npmjs.org/@koishijs/plugin-console/-/plugin-console-5.23.0.tgz"
  integrity sha512-F0N9OXw1/DiQmdBHT6NAyPqsWXpfRSt256nc5c3iZqJm2i1nkBnbfu7tpq3n6+7v2K64c1iexMdvJUvKJ99KbA==
  dependencies:
    "@koishijs/console" "^5.23.0"
    open "^8.4.2"
    uuid "^8.3.2"
    ws "^8.14.2"

"@koishijs/plugin-database-postgres@1.1.1":
  version "1.1.1"
  resolved "https://registry.npmjs.org/@koishijs/plugin-database-postgres/-/plugin-database-postgres-1.1.1.tgz"
  integrity sha512-gVUqXF/H/aGUcxwqy8G9NC4yISqFORZGjhjyGisZloFXntgQb2vwTYFDym7i87iyufwOc1V+wRdVr6uIBNsFZw==
  dependencies:
    "@minatojs/driver-postgres" "^1.1.1"

"@koishijs/plugin-database-sqlite@^3.8.3":
  version "3.8.3"
  dependencies:
    "@minatojs/driver-sqlite" "^3.8.3"

"@koishijs/plugin-explorer@^1.5.0":
  version "1.5.0"
  dependencies:
    "@koishijs/console" "^5.17.1"
    anymatch "^3.1.3"
    chardet "^2.0.0"
    chokidar "^3.5.3"
    throttle-debounce "^3.0.1"

"@koishijs/plugin-help@^2.4.1":
  version "2.4.1"

"@koishijs/plugin-hmr@^1.2.6":
  version "1.2.6"
  dependencies:
    "@babel/code-frame" "^7.23.5"
    chokidar "^3.5.3"
    throttle-debounce "^3.0.1"

"@koishijs/plugin-insight@^3.4.4":
  version "3.4.4"
  dependencies:
    "@koishijs/console" "^5.21.0"
    throttle-debounce "^3.0.1"

"@koishijs/plugin-inspect@^1.1.3":
  version "1.1.3"

"@koishijs/plugin-locales@^2.5.1":
  version "2.5.1"
  dependencies:
    "@koishijs/console" "^5.16.0"
    js-yaml "^4.1.0"
    throttle-debounce "^3.0.1"

"@koishijs/plugin-logger@2.6.3":
  version "2.6.3"
  resolved "https://registry.npmjs.org/@koishijs/plugin-logger/-/plugin-logger-2.6.3.tgz"
  integrity sha512-rzqU6sDccZGpybIItT5ejfA3FVf8pvPHLsUVtJBwOG9O/jlDzS5OLKI4uA2pjHpjxwGc7sbBVXPiXs4jEQJGVQ==
  dependencies:
    "@koishijs/console" "^5.23.0"
    throttle-debounce "^3.0.1"

"@koishijs/plugin-market@2.8.2":
  version "2.8.2"
  resolved "https://registry.npmjs.org/@koishijs/plugin-market/-/plugin-market-2.8.2.tgz"
  integrity sha512-RO3OCHoH79eQTOAmyqsBmp+rUSjHNEs1BSelziug07mjGDXWGNBLKmW3+31XV5+teupnMy2z7N3Xa+escuoBow==
  dependencies:
    "@koishijs/console" "^5.23.0"
    "@koishijs/registry" "^7.0.0"
    execa "^5.1.1"
    get-registry "^1.1.0"
    ns-require "^1.1.4"
    semver "^7.5.4"
    throttle-debounce "^3.0.1"
    which-pm-runs "^1.1.0"

"@koishijs/plugin-notifier@^0.0.1":
  version "0.0.1"
  dependencies:
    "@koishijs/console" "^5.22.3"

"@koishijs/plugin-oobe@^0.0.2":
  version "0.0.2"
  dependencies:
    "@koishijs/console" "^5.19.1"

"@koishijs/plugin-sandbox@^3.2.2":
  version "3.2.2"
  dependencies:
    "@koishijs/console" "^5.16.1"

"@koishijs/plugin-server-satori@^2.4.0":
  version "2.4.0"
  dependencies:
    "@satorijs/server-satori" "^2.4.0"

"@koishijs/plugin-server-temp@^1.2.1":
  version "1.2.1"
  dependencies:
    "@satorijs/server-temp" "^1.2.1"

"@koishijs/plugin-server@^3.1.3":
  version "3.1.3"
  dependencies:
    "@cordisjs/server" "^0.1.3"

"@koishijs/plugin-status@7.4.4":
  version "7.4.4"
  resolved "https://registry.npmjs.org/@koishijs/plugin-status/-/plugin-status-7.4.4.tgz"
  integrity sha512-OBAJbQ/RiReu5ZY+ZgA+dlPl+xMTYgIVaP/7KeAzxtlfvNNLEUAfDRa3vyIKdOWssD3czhvYZnmFoZXMtE4EmA==
  dependencies:
    "@koishijs/console" "^5.22.6"
    envinfo "^7.11.0"
    throttle-debounce "^3.0.1"
    which-pm-runs "^1.1.0"

"@koishijs/registry@^7.0.0":
  version "7.0.0"
  dependencies:
    cosmokit "^1.5.1"
    p-map "^4.0.0"
    semver "^7.5.4"

"@koishijs/scripts@^4.5.0":
  version "4.5.0"
  dependencies:
    cac "^6.7.14"
    fs-extra "^10.1.0"
    globby "^11.1.0"
    js-yaml "^4.1.0"
    kleur "^4.1.5"
    prompts "^2.4.2"
    which-pm-runs "^1.1.0"

"@koishijs/utils@^7.1.1":
  version "7.1.1"
  dependencies:
    cosmokit "^1.5.1"
    inaba "^1.1.1"

"@maikolib/vite-plugin-yaml@^1.0.1":
  version "1.0.1"
  dependencies:
    "@rollup/pluginutils" "^5.0.2"
    js-yaml "^4.1.0"
    tosource "^2.0.0-alpha.3"

"@minatojs/core@^2.8.0", "@minatojs/core@^2.8.1":
  version "2.8.1"
  dependencies:
    cosmokit "^1.5.1"

"@minatojs/driver-postgres@^1.1.1":
  version "1.1.1"
  resolved "https://registry.npmjs.org/@minatojs/driver-postgres/-/driver-postgres-1.1.1.tgz"
  integrity sha512-JP7NgGzsp+dDVk9/q9y4KAP3gksjUYgwxq0Yghv+ofvqyhdBTuuRFY0StMMrVqc1O/PEm1fQ/3r0EPHYBuR1TA==
  dependencies:
    "@minatojs/sql-utils" "^4.2.1"
    cosmokit "^1.5.1"
    postgres "^3.4.3"
    reggol "^1.6.3"

"@minatojs/driver-sqlite@^3.8.3":
  version "3.8.3"
  dependencies:
    "@minatojs/sql-utils" "^4.2.1"
    "@minatojs/sql.js" "^3.1.0"
    cosmokit "^1.5.1"
    reggol "^1.6.3"

"@minatojs/sql-utils@^4.2.1":
  version "4.2.1"
  dependencies:
    cosmokit "^1.5.1"

"@minatojs/sql.js@^3.1.0":
  version "3.1.0"

"@nodelib/fs.scandir@2.1.5":
  version "2.1.5"
  dependencies:
    "@nodelib/fs.stat" "2.0.5"
    run-parallel "^1.1.9"

"@nodelib/fs.stat@^2.0.2", "@nodelib/fs.stat@2.0.5":
  version "2.0.5"

"@nodelib/fs.walk@^1.2.3":
  version "1.2.8"
  dependencies:
    "@nodelib/fs.scandir" "2.1.5"
    fastq "^1.6.0"

"@popperjs/core@npm:@sxzz/popperjs-es@^2.11.7":
  version "2.11.7"

"@puppeteer/browsers@0.5.0":
  version "0.5.0"
  dependencies:
    debug "4.3.4"
    extract-zip "2.0.1"
    https-proxy-agent "5.0.1"
    progress "2.0.3"
    proxy-from-env "1.1.0"
    tar-fs "2.1.1"
    unbzip2-stream "1.4.3"
    yargs "17.7.1"

"@rollup/pluginutils@^5.0.2":
  version "5.1.0"
  dependencies:
    "@types/estree" "^1.0.0"
    estree-walker "^2.0.2"
    picomatch "^2.3.1"

"@satorijs/adapter-discord@^4.1.9":
  version "4.1.9"
  resolved "https://registry.npmjs.org/@satorijs/adapter-discord/-/adapter-discord-4.1.9.tgz"
  integrity sha512-08HwlDKEluQcRCT2GdeQXTVNzUG1E+6k1Bb9U0LE8I1Uh/3gbMIC/ZA9VPZcPO6wOeA0jm2qIS20AbXjoByOFw==
  dependencies:
    form-data "^4.0.0"

"@satorijs/adapter-kook@^4.3.4":
  version "4.3.4"
  resolved "https://registry.npmjs.org/@satorijs/adapter-kook/-/adapter-kook-4.3.4.tgz"
  integrity sha512-HPVCNk/Ys9NHW4Ydpbxbx4HKHjxL++JnpnJ+n7fBtQYBJanPwH7axkNKU0x/ux4RK+3FYz67nXBnGOi9fKD4pA==
  dependencies:
    form-data "^4.0.0"

"@satorijs/adapter-qq@^4.2.5":
  version "4.2.5"
  dependencies:
    qface "^1.4.1"

"@satorijs/adapter-satori@^1.0.3":
  version "1.0.3"

"@satorijs/adapter-telegram@^4.2.1":
  version "4.2.1"
  dependencies:
    file-type "^16.5.4"
    form-data "^4.0.0"

"@satorijs/core@^3.3.2", "@satorijs/core@3.3.3":
  version "3.3.3"
  dependencies:
    "@cordisjs/logger" "^0.1.3"
    "@satorijs/element" "^2.6.1"
    "@satorijs/protocol" "^1.1.3"
    cordis "^3.4.1"
    cordis-axios "^4.0.1"
    cosmokit "^1.5.1"
    schemastery "^3.14.2"
    ws "^8.14.2"

"@satorijs/element@^2.6.1":
  version "2.6.1"
  dependencies:
    cosmokit "^1.5.1"

"@satorijs/protocol@^1.1.3":
  version "1.1.3"
  dependencies:
    "@satorijs/element" "^2.6.1"
    cosmokit "^1.5.1"

"@satorijs/satori@^3.2.1", "@satorijs/satori@^3.3.0", "@satorijs/satori@^3.3.1", "@satorijs/satori@^3.3.2", "@satorijs/satori@^3.3.3":
  version "3.3.3"
  dependencies:
    "@satorijs/core" "3.3.3"
    "@types/ws" "^8.5.10"
    file-type "^16.5.4"
    http-proxy-agent "^5.0.0"
    https-proxy-agent "^5.0.1"
    koa "^2.14.2"
    koa-bodyparser "^4.4.1"
    parseurl "^1.3.3"
    path-to-regexp "^6.2.1"
    socks-proxy-agent "^5.0.1"
    ws "^8.14.2"

"@satorijs/server-satori@^2.4.0":
  version "2.4.0"

"@satorijs/server-temp@^1.2.1":
  version "1.2.1"

"@tokenizer/token@^0.3.0":
  version "0.3.0"

"@tootallnate/once@2":
  version "2.0.0"

"@types/accepts@*":
  version "1.3.7"
  dependencies:
    "@types/node" "*"

"@types/body-parser@*":
  version "1.19.5"
  dependencies:
    "@types/connect" "*"
    "@types/node" "*"

"@types/connect@*":
  version "3.4.38"
  dependencies:
    "@types/node" "*"

"@types/content-disposition@*":
  version "0.5.8"

"@types/cookies@*":
  version "0.7.10"
  dependencies:
    "@types/connect" "*"
    "@types/express" "*"
    "@types/keygrip" "*"
    "@types/node" "*"

"@types/estree@^1.0.0":
  version "1.0.5"

"@types/express-serve-static-core@^4.17.33":
  version "4.17.41"
  dependencies:
    "@types/node" "*"
    "@types/qs" "*"
    "@types/range-parser" "*"
    "@types/send" "*"

"@types/express@*":
  version "4.17.21"
  dependencies:
    "@types/body-parser" "*"
    "@types/express-serve-static-core" "^4.17.33"
    "@types/qs" "*"
    "@types/serve-static" "*"

"@types/http-assert@*":
  version "1.5.5"

"@types/http-errors@*":
  version "2.0.4"

"@types/keygrip@*":
  version "1.0.6"

"@types/koa__router@*":
  version "12.0.4"
  dependencies:
    "@types/koa" "*"

"@types/koa-compose@*":
  version "3.2.8"
  dependencies:
    "@types/koa" "*"

"@types/koa@*":
  version "2.13.12"
  dependencies:
    "@types/accepts" "*"
    "@types/content-disposition" "*"
    "@types/cookies" "*"
    "@types/http-assert" "*"
    "@types/http-errors" "*"
    "@types/keygrip" "*"
    "@types/koa-compose" "*"
    "@types/node" "*"

"@types/lodash-es@*", "@types/lodash-es@^4.17.6":
  version "4.17.12"
  dependencies:
    "@types/lodash" "*"

"@types/lodash@*", "@types/lodash@^4.14.182":
  version "4.14.202"

"@types/mime@*":
  version "3.0.4"

"@types/mime@^1":
  version "1.3.5"

"@types/node@*", "@types/node@^20.10.2", "@types/node@>= 14":
  version "20.10.5"
  dependencies:
    undici-types "~5.26.4"

"@types/qs@*":
  version "6.9.11"

"@types/range-parser@*":
  version "1.2.7"

"@types/send@*":
  version "0.17.4"
  dependencies:
    "@types/mime" "^1"
    "@types/node" "*"

"@types/serve-static@*":
  version "1.15.5"
  dependencies:
    "@types/http-errors" "*"
    "@types/mime" "*"
    "@types/node" "*"

"@types/web-bluetooth@^0.0.16":
  version "0.0.16"

"@types/web-bluetooth@^0.0.20":
  version "0.0.20"

"@types/ws@^8.5.10":
  version "8.5.10"
  dependencies:
    "@types/node" "*"

"@types/yauzl@^2.9.1":
  version "2.10.3"
  dependencies:
    "@types/node" "*"

"@vitejs/plugin-vue@^4.5.1":
  version "4.6.0"

"@vue/compiler-core@3.3.13":
  version "3.3.13"
  dependencies:
    "@babel/parser" "^7.23.5"
    "@vue/shared" "3.3.13"
    estree-walker "^2.0.2"
    source-map-js "^1.0.2"

"@vue/compiler-dom@3.3.13":
  version "3.3.13"
  dependencies:
    "@vue/compiler-core" "3.3.13"
    "@vue/shared" "3.3.13"

"@vue/compiler-sfc@3.3.13":
  version "3.3.13"
  dependencies:
    "@babel/parser" "^7.23.5"
    "@vue/compiler-core" "3.3.13"
    "@vue/compiler-dom" "3.3.13"
    "@vue/compiler-ssr" "3.3.13"
    "@vue/reactivity-transform" "3.3.13"
    "@vue/shared" "3.3.13"
    estree-walker "^2.0.2"
    magic-string "^0.30.5"
    postcss "^8.4.32"
    source-map-js "^1.0.2"

"@vue/compiler-ssr@3.3.13":
  version "3.3.13"
  dependencies:
    "@vue/compiler-dom" "3.3.13"
    "@vue/shared" "3.3.13"

"@vue/devtools-api@^6.5.0":
  version "6.5.1"

"@vue/reactivity-transform@3.3.13":
  version "3.3.13"
  dependencies:
    "@babel/parser" "^7.23.5"
    "@vue/compiler-core" "3.3.13"
    "@vue/shared" "3.3.13"
    estree-walker "^2.0.2"
    magic-string "^0.30.5"

"@vue/reactivity@3.3.13":
  version "3.3.13"
  dependencies:
    "@vue/shared" "3.3.13"

"@vue/runtime-core@3.3.13":
  version "3.3.13"
  dependencies:
    "@vue/reactivity" "3.3.13"
    "@vue/shared" "3.3.13"

"@vue/runtime-dom@3.3.13":
  version "3.3.13"
  dependencies:
    "@vue/runtime-core" "3.3.13"
    "@vue/shared" "3.3.13"
    csstype "^3.1.3"

"@vue/server-renderer@3.3.13":
  version "3.3.13"
  dependencies:
    "@vue/compiler-ssr" "3.3.13"
    "@vue/shared" "3.3.13"

"@vue/shared@3.3.13":
  version "3.3.13"

"@vueuse/core@^10.6.1", "@vueuse/core@>=10":
  version "10.7.0"
  dependencies:
    "@types/web-bluetooth" "^0.0.20"
    "@vueuse/metadata" "10.7.0"
    "@vueuse/shared" "10.7.0"
    vue-demi ">=0.14.6"

"@vueuse/core@^9.1.0":
  version "9.13.0"
  dependencies:
    "@types/web-bluetooth" "^0.0.16"
    "@vueuse/metadata" "9.13.0"
    "@vueuse/shared" "9.13.0"
    vue-demi "*"

"@vueuse/metadata@10.7.0":
  version "10.7.0"

"@vueuse/metadata@9.13.0":
  version "9.13.0"

"@vueuse/shared@10.7.0":
  version "10.7.0"
  dependencies:
    vue-demi ">=0.14.6"

"@vueuse/shared@9.13.0":
  version "9.13.0"
  dependencies:
    vue-demi "*"

accepts@^1.3.5:
  version "1.3.8"
  dependencies:
    mime-types "~2.1.34"
    negotiator "0.6.3"

agent-base@^6.0.2, agent-base@6:
  version "6.0.2"
  dependencies:
    debug "4"

aggregate-error@^3.0.0:
  version "3.1.0"
  dependencies:
    clean-stack "^2.0.0"
    indent-string "^4.0.0"

ansi-regex@^5.0.1:
  version "5.0.1"

ansi-styles@^3.2.1:
  version "3.2.1"
  dependencies:
    color-convert "^1.9.0"

ansi-styles@^4.0.0, ansi-styles@^4.1.0:
  version "4.3.0"
  dependencies:
    color-convert "^2.0.1"

anymatch@^3.1.3, anymatch@~3.1.2:
  version "3.1.3"
  dependencies:
    normalize-path "^3.0.0"
    picomatch "^2.0.4"

argparse@^2.0.1:
  version "2.0.1"

array-union@^2.1.0:
  version "2.1.0"

async-validator@^4.2.5:
  version "4.2.5"

asynckit@^0.4.0:
  version "0.4.0"

atsc@^1.2.2:
  version "1.2.2"
  dependencies:
    globby "^11.1.0"
    js-yaml "^4.1.0"
    tsconfig-utils "^3.0.0"

axios@^1.4.0:
  version "1.6.2"
  dependencies:
    follow-redirects "^1.15.0"
    form-data "^4.0.0"
    proxy-from-env "^1.1.0"

base64-js@^1.3.1:
  version "1.5.1"

binary-extensions@^2.0.0:
  version "2.2.0"

bl@^4.0.3, bl@^4.1.0:
  version "4.1.0"
  dependencies:
    buffer "^5.5.0"
    inherits "^2.0.4"
    readable-stream "^3.4.0"

braces@^3.0.2, braces@~3.0.2:
  version "3.0.2"
  dependencies:
    fill-range "^7.0.1"

buffer-crc32@~0.2.3:
  version "0.2.13"

buffer@^5.2.1, buffer@^5.5.0:
  version "5.7.1"
  dependencies:
    base64-js "^1.3.1"
    ieee754 "^1.1.13"

bytes@3.1.2:
  version "3.1.2"

cac@^6.7.14:
  version "6.7.14"

cache-content-type@^1.0.0:
  version "1.0.1"
  dependencies:
    mime-types "^2.1.18"
    ylru "^1.2.0"

call-bind@^1.0.0:
  version "1.0.5"
  dependencies:
    function-bind "^1.1.2"
    get-intrinsic "^1.2.1"
    set-function-length "^1.1.1"

camelcase@^6.0.0:
  version "6.3.0"

chalk@^2.4.2:
  version "2.4.2"
  dependencies:
    ansi-styles "^3.2.1"
    escape-string-regexp "^1.0.5"
    supports-color "^5.3.0"

chalk@^4.1.0:
  version "4.1.2"
  dependencies:
    ansi-styles "^4.1.0"
    supports-color "^7.1.0"

chardet@^2.0.0:
  version "2.0.0"

chokidar@^3.5.3, "chokidar@>=3.0.0 <4.0.0":
  version "3.5.3"
  dependencies:
    anymatch "~3.1.2"
    braces "~3.0.2"
    glob-parent "~5.1.2"
    is-binary-path "~2.1.0"
    is-glob "~4.0.1"
    normalize-path "~3.0.0"
    readdirp "~3.6.0"
  optionalDependencies:
    fsevents "~2.3.2"

chownr@^1.1.1:
  version "1.1.4"

chromium-bidi@0.4.7:
  version "0.4.7"
  dependencies:
    mitt "3.0.0"

clean-stack@^2.0.0:
  version "2.2.0"

cli-cursor@^3.1.0:
  version "3.1.0"
  dependencies:
    restore-cursor "^3.1.0"

cli-spinners@^2.5.0:
  version "2.9.2"

cliui@^8.0.1:
  version "8.0.1"
  dependencies:
    string-width "^4.2.0"
    strip-ansi "^6.0.1"
    wrap-ansi "^7.0.0"

clone@^1.0.2:
  version "1.0.4"

co-body@^6.0.0:
  version "6.1.0"
  dependencies:
    inflation "^2.0.0"
    qs "^6.5.2"
    raw-body "^2.3.3"
    type-is "^1.6.16"

co@^4.6.0:
  version "4.6.0"

color-convert@^1.9.0:
  version "1.9.3"
  dependencies:
    color-name "1.1.3"

color-convert@^2.0.1:
  version "2.0.1"
  dependencies:
    color-name "~1.1.4"

color-name@~1.1.4:
  version "1.1.4"

color-name@1.1.3:
  version "1.1.3"

combined-stream@^1.0.8:
  version "1.0.8"
  dependencies:
    delayed-stream "~1.0.0"

commander@^2.20.3:
  version "2.20.3"

content-disposition@~0.5.2:
  version "0.5.4"
  dependencies:
    safe-buffer "5.2.1"

content-type@^1.0.4:
  version "1.0.5"

cookies@~0.8.0:
  version "0.8.0"
  dependencies:
    depd "~2.0.0"
    keygrip "~1.1.0"

copy-to@^2.0.1:
  version "2.0.1"

cordis-axios@^4.0.1:
  version "4.0.1"
  dependencies:
    axios "^1.4.0"
    cosmokit "^1.5.1"
    mime-db "^1.52.0"

cordis@^3.4.0, cordis@^3.4.1:
  version "3.4.1"
  dependencies:
    cosmokit "^1.5.1"

cosmokit@^1.4.2, cosmokit@^1.5.1:
  version "1.5.1"

cross-env@^7.0.3:
  version "7.0.3"
  dependencies:
    cross-spawn "^7.0.1"

cross-fetch@3.1.5:
  version "3.1.5"
  dependencies:
    node-fetch "2.6.7"

cross-spawn@^7.0.1, cross-spawn@^7.0.3:
  version "7.0.3"
  dependencies:
    path-key "^3.1.0"
    shebang-command "^2.0.0"
    which "^2.0.1"

cssfilter@0.0.10:
  version "0.0.10"

csstype@^3.1.3:
  version "3.1.3"

dayjs@^1.11.3:
  version "1.11.10"

debug@^4.1.1, debug@^4.3.2, debug@^4.3.4, debug@4, debug@4.3.4:
  version "4.3.4"
  dependencies:
    ms "2.1.2"

decamelize@^4.0.0:
  version "4.0.0"

deep-equal@~1.0.1:
  version "1.0.1"

defaults@^1.0.3:
  version "1.0.4"
  dependencies:
    clone "^1.0.2"

define-data-property@^1.1.1:
  version "1.1.1"
  dependencies:
    get-intrinsic "^1.2.1"
    gopd "^1.0.1"
    has-property-descriptors "^1.0.0"

define-lazy-prop@^2.0.0:
  version "2.0.0"

delayed-stream@~1.0.0:
  version "1.0.0"

delegates@^1.0.0:
  version "1.0.0"

depd@^2.0.0, depd@~2.0.0, depd@2.0.0:
  version "2.0.0"

depd@~1.1.2:
  version "1.1.2"

destroy@^1.0.4:
  version "1.2.0"

detect-indent@^6.1.0:
  version "6.1.0"

devtools-protocol@*, devtools-protocol@0.0.1107588:
  version "0.0.1107588"

dir-glob@^3.0.1:
  version "3.0.1"
  dependencies:
    path-type "^4.0.0"

dotenv@^16.3.1:
  version "16.3.1"

dtsc@^2.3.0:
  version "2.3.0"
  dependencies:
    tsconfig-utils "^3.0.0"

ee-first@1.1.1:
  version "1.1.1"

element-plus@^2, element-plus@2.4.0:
  version "2.4.0"
  dependencies:
    "@ctrl/tinycolor" "^3.4.1"
    "@element-plus/icons-vue" "^2.0.6"
    "@floating-ui/dom" "^1.0.1"
    "@popperjs/core" "npm:@sxzz/popperjs-es@^2.11.7"
    "@types/lodash" "^4.14.182"
    "@types/lodash-es" "^4.17.6"
    "@vueuse/core" "^9.1.0"
    async-validator "^4.2.5"
    dayjs "^1.11.3"
    escape-html "^1.0.3"
    lodash "^4.17.21"
    lodash-es "^4.17.21"
    lodash-unified "^1.0.2"
    memoize-one "^6.0.0"
    normalize-wheel-es "^1.2.0"

emoji-regex@^8.0.0:
  version "8.0.0"

encodeurl@^1.0.2:
  version "1.0.2"

end-of-stream@^1.1.0, end-of-stream@^1.4.1:
  version "1.4.4"
  dependencies:
    once "^1.4.0"

envinfo@^7.11.0:
  version "7.11.0"

"esbuild-register@npm:@shigma/esbuild-register@^1.1.1":
  version "1.1.1"
  dependencies:
    debug "^4.3.4"

esbuild@*, esbuild@^0.18.10, esbuild@^0.18.20, "esbuild@>=0.12 <1":
  version "0.18.20"
  optionalDependencies:
    "@esbuild/android-arm" "0.18.20"
    "@esbuild/android-arm64" "0.18.20"
    "@esbuild/android-x64" "0.18.20"
    "@esbuild/darwin-arm64" "0.18.20"
    "@esbuild/darwin-x64" "0.18.20"
    "@esbuild/freebsd-arm64" "0.18.20"
    "@esbuild/freebsd-x64" "0.18.20"
    "@esbuild/linux-arm" "0.18.20"
    "@esbuild/linux-arm64" "0.18.20"
    "@esbuild/linux-ia32" "0.18.20"
    "@esbuild/linux-loong64" "0.18.20"
    "@esbuild/linux-mips64el" "0.18.20"
    "@esbuild/linux-ppc64" "0.18.20"
    "@esbuild/linux-riscv64" "0.18.20"
    "@esbuild/linux-s390x" "0.18.20"
    "@esbuild/linux-x64" "0.18.20"
    "@esbuild/netbsd-x64" "0.18.20"
    "@esbuild/openbsd-x64" "0.18.20"
    "@esbuild/sunos-x64" "0.18.20"
    "@esbuild/win32-arm64" "0.18.20"
    "@esbuild/win32-ia32" "0.18.20"
    "@esbuild/win32-x64" "0.18.20"

escalade@^3.1.1:
  version "3.1.1"

escape-html@^1.0.3:
  version "1.0.3"

escape-string-regexp@^1.0.5:
  version "1.0.5"

estree-walker@^2.0.2:
  version "2.0.2"

execa@^5.1.1:
  version "5.1.1"
  dependencies:
    cross-spawn "^7.0.3"
    get-stream "^6.0.0"
    human-signals "^2.1.0"
    is-stream "^2.0.0"
    merge-stream "^2.0.0"
    npm-run-path "^4.0.1"
    onetime "^5.1.2"
    signal-exit "^3.0.3"
    strip-final-newline "^2.0.0"

extract-zip@2.0.1:
  version "2.0.1"
  dependencies:
    debug "^4.1.1"
    get-stream "^5.1.0"
    yauzl "^2.10.0"
  optionalDependencies:
    "@types/yauzl" "^2.9.1"

fast-glob@^3.2.9:
  version "3.3.2"
  dependencies:
    "@nodelib/fs.stat" "^2.0.2"
    "@nodelib/fs.walk" "^1.2.3"
    glob-parent "^5.1.2"
    merge2 "^1.3.0"
    micromatch "^4.0.4"

fastest-levenshtein@^1.0.16:
  version "1.0.16"

fastq@^1.6.0:
  version "1.16.0"
  dependencies:
    reusify "^1.0.4"

fd-slicer@~1.1.0:
  version "1.1.0"
  dependencies:
    pend "~1.2.0"

file-type@^16.5.4:
  version "16.5.4"
  dependencies:
    readable-web-to-node-stream "^3.0.0"
    strtok3 "^6.2.4"
    token-types "^4.1.1"

fill-range@^7.0.1:
  version "7.0.1"
  dependencies:
    to-regex-range "^5.0.1"

flat@^5.0.2:
  version "5.0.2"

follow-redirects@^1.15.0:
  version "1.15.3"

form-data@^4.0.0:
  version "4.0.0"
  dependencies:
    asynckit "^0.4.0"
    combined-stream "^1.0.8"
    mime-types "^2.1.12"

fresh@~0.5.2:
  version "0.5.2"

fs-constants@^1.0.0:
  version "1.0.0"

fs-extra@^10.1.0:
  version "10.1.0"
  dependencies:
    graceful-fs "^4.2.0"
    jsonfile "^6.0.1"
    universalify "^2.0.0"

function-bind@^1.1.2:
  version "1.1.2"

get-caller-file@^2.0.5:
  version "2.0.5"

get-intrinsic@^1.0.2, get-intrinsic@^1.1.3, get-intrinsic@^1.2.1, get-intrinsic@^1.2.2:
  version "1.2.2"
  dependencies:
    function-bind "^1.1.2"
    has-proto "^1.0.1"
    has-symbols "^1.0.3"
    hasown "^2.0.0"

get-registry@^1.1.0:
  version "1.1.0"
  dependencies:
    which-pm-runs "^1.1.0"

get-stream@^5.1.0:
  version "5.2.0"
  dependencies:
    pump "^3.0.0"

get-stream@^6.0.0:
  version "6.0.1"

glob-parent@^5.1.2, glob-parent@~5.1.2:
  version "5.1.2"
  dependencies:
    is-glob "^4.0.1"

globby@^11.1.0:
  version "11.1.0"
  dependencies:
    array-union "^2.1.0"
    dir-glob "^3.0.1"
    fast-glob "^3.2.9"
    ignore "^5.2.0"
    merge2 "^1.4.1"
    slash "^3.0.0"

gopd@^1.0.1:
  version "1.0.1"
  dependencies:
    get-intrinsic "^1.1.3"

graceful-fs@^4.1.6, graceful-fs@^4.2.0:
  version "4.2.11"

has-flag@^3.0.0:
  version "3.0.0"

has-flag@^4.0.0:
  version "4.0.0"

has-property-descriptors@^1.0.0:
  version "1.0.1"
  dependencies:
    get-intrinsic "^1.2.2"

has-proto@^1.0.1:
  version "1.0.1"

has-symbols@^1.0.2, has-symbols@^1.0.3:
  version "1.0.3"

has-tostringtag@^1.0.0:
  version "1.0.0"
  dependencies:
    has-symbols "^1.0.2"

hasown@^2.0.0:
  version "2.0.0"
  dependencies:
    function-bind "^1.1.2"

http-assert@^1.3.0:
  version "1.5.0"
  dependencies:
    deep-equal "~1.0.1"
    http-errors "~1.8.0"

http-errors@^1.6.3, http-errors@^1.7.3, http-errors@~1.8.0:
  version "1.8.1"
  dependencies:
    depd "~1.1.2"
    inherits "2.0.4"
    setprototypeof "1.2.0"
    statuses ">= 1.5.0 < 2"
    toidentifier "1.0.1"

http-errors@2.0.0:
  version "2.0.0"
  dependencies:
    depd "2.0.0"
    inherits "2.0.4"
    setprototypeof "1.2.0"
    statuses "2.0.1"
    toidentifier "1.0.1"

http-proxy-agent@^5.0.0:
  version "5.0.0"
  dependencies:
    "@tootallnate/once" "2"
    agent-base "6"
    debug "4"

https-proxy-agent@^5.0.1, https-proxy-agent@5.0.1:
  version "5.0.1"
  dependencies:
    agent-base "6"
    debug "4"

human-signals@^2.1.0:
  version "2.1.0"

iconv-lite@0.4.24:
  version "0.4.24"
  dependencies:
    safer-buffer ">= 2.1.2 < 3"

ieee754@^1.1.13, ieee754@^1.2.1:
  version "1.2.1"

ignore@^5.2.0:
  version "5.3.0"

immutable@^4.0.0:
  version "4.3.4"

inaba@^1.1.1:
  version "1.1.1"

indent-string@^4.0.0:
  version "4.0.0"

inflation@^2.0.0:
  version "2.1.0"

inherits@^2.0.3, inherits@^2.0.4, inherits@2.0.4:
  version "2.0.4"

ip@^2.0.0:
  version "2.0.0"

is-binary-path@~2.1.0:
  version "2.1.0"
  dependencies:
    binary-extensions "^2.0.0"

is-docker@^2.0.0, is-docker@^2.1.1:
  version "2.2.1"

is-extglob@^2.1.1:
  version "2.1.1"

is-fullwidth-code-point@^3.0.0:
  version "3.0.0"

is-generator-function@^1.0.7:
  version "1.0.10"
  dependencies:
    has-tostringtag "^1.0.0"

is-glob@^4.0.1, is-glob@~4.0.1:
  version "4.0.3"
  dependencies:
    is-extglob "^2.1.1"

is-interactive@^1.0.0:
  version "1.0.0"

is-number@^7.0.0:
  version "7.0.0"

is-plain-obj@^2.1.0:
  version "2.1.0"

is-stream@^2.0.0:
  version "2.0.1"

is-unicode-supported@^0.1.0:
  version "0.1.0"

is-wsl@^2.2.0:
  version "2.2.0"
  dependencies:
    is-docker "^2.0.0"

isexe@^2.0.0:
  version "2.0.0"

js-tokens@^4.0.0:
  version "4.0.0"

js-yaml@^4.1.0:
  version "4.1.0"
  dependencies:
    argparse "^2.0.1"

json5@^2.2.3:
  version "2.2.3"

jsonfile@^6.0.1:
  version "6.1.0"
  dependencies:
    universalify "^2.0.0"
  optionalDependencies:
    graceful-fs "^4.1.6"

jsonpath-plus@^7.2.0:
  version "7.2.0"

keygrip@~1.1.0:
  version "1.1.0"
  dependencies:
    tsscmp "1.0.6"

kleur@^3.0.3:
  version "3.0.3"

kleur@^4.1.5:
  version "4.1.5"

koa-bodyparser@^4.4.1:
  version "4.4.1"
  dependencies:
    co-body "^6.0.0"
    copy-to "^2.0.1"
    type-is "^1.6.18"

koa-compose@^4.1.0:
  version "4.1.0"

koa-convert@^2.0.0:
  version "2.0.0"
  dependencies:
    co "^4.6.0"
    koa-compose "^4.1.0"

koa@^2.14.2:
  version "2.14.2"
  dependencies:
    accepts "^1.3.5"
    cache-content-type "^1.0.0"
    content-disposition "~0.5.2"
    content-type "^1.0.4"
    cookies "~0.8.0"
    debug "^4.3.2"
    delegates "^1.0.0"
    depd "^2.0.0"
    destroy "^1.0.4"
    encodeurl "^1.0.2"
    escape-html "^1.0.3"
    fresh "~0.5.2"
    http-assert "^1.3.0"
    http-errors "^1.6.3"
    is-generator-function "^1.0.7"
    koa-compose "^4.1.0"
    koa-convert "^2.0.0"
    on-finished "^2.3.0"
    only "~0.0.2"
    parseurl "^1.3.2"
    statuses "^1.5.0"
    type-is "^1.6.16"
    vary "^1.1.2"

koishi-plugin-android@^0.0.1:
  version "0.0.1"

koishi-plugin-assets-local@3.2.1:
  version "3.2.1"
  resolved "https://registry.npmjs.org/koishi-plugin-assets-local/-/koishi-plugin-assets-local-3.2.1.tgz"
  integrity sha512-1ALK1Q8/kgRRyw3+qRo0P5FWVyXQmQuR4aGxZn/9Zz1k6TkgkYmE67n0mbAhphEUTYXw5oLE4W3x0ib66HXplA==
  dependencies:
    "@koishijs/assets" "^1.0.3"
    file-type "^16.5.4"

koishi-plugin-blockly-null@1.2.4:
  version "1.2.4"
  dependencies:
    jsonpath-plus "^7.2.0"
    uuid "^9.0.0"

"koishi-plugin-darkness-over-vellsar@file:C:\\file\\dev\\koishi-app\\external\\darkness-over-vellsar":
  version "0.0.1"
  resolved "file:external/darkness-over-vellsar"

koishi-plugin-dataview@2.6.4:
  version "2.6.4"
  resolved "https://registry.npmjs.org/koishi-plugin-dataview/-/koishi-plugin-dataview-2.6.4.tgz"
  integrity sha512-YBAkc3M5kT1dF0VLSwfoC5KXQ6rvEh+lWT782pw8lMbilCyYRf9lnregtTFcBJ6XNcbgSHYQL1iTv6Ow+16q3g==
  dependencies:
    "@koishijs/console" "^5.22.3"

koishi-plugin-desktop@^0.0.4:
  version "0.0.4"

koishi-plugin-puppeteer@^3.7.3:
  version "3.7.3"
  dependencies:
    "@koishijs/canvas" "^0.2.0"
    puppeteer-core "^19.11.1"
    puppeteer-finder "^1.1.0"

koishi-plugin-rate-limit@^2.0.1:
  version "2.0.1"

koishi-plugin-telemetry@^0.0.2:
  version "0.0.2"

koishi-plugin-theme-vanilla@^1.0.6:
  version "1.0.6"

koishi@^4.10.3, koishi@^4.12.8, koishi@^4.13.6, koishi@^4.15.0, koishi@^4.15.1, koishi@^4.15.2, koishi@^4.15.3, koishi@^4.15.5, koishi@^4.15.6, koishi@^4.15.7, koishi@^4.16.0, koishi@^4.16.1, koishi@^4.16.2:
  version "4.16.2"
  dependencies:
    "@koishijs/core" "4.16.2"
    "@koishijs/loader" "4.3.2"
    "@koishijs/plugin-server" "^3.1.3"
    "@koishijs/utils" "^7.1.1"
    "@satorijs/satori" "^3.3.2"
    cac "^6.7.14"
    kleur "^4.1.5"

lodash-es@*, lodash-es@^4.17.21:
  version "4.17.21"

lodash-unified@^1.0.2:
  version "1.0.3"

lodash@*, lodash@^4.17.21:
  version "4.17.21"

log-symbols@^4.1.0:
  version "4.1.0"
  dependencies:
    chalk "^4.1.0"
    is-unicode-supported "^0.1.0"

lru-cache@^6.0.0:
  version "6.0.0"
  dependencies:
    yallist "^4.0.0"

magic-string@^0.30.5:
  version "0.30.5"
  dependencies:
    "@jridgewell/sourcemap-codec" "^1.4.15"

marked-vue@^1.3.0:
  version "1.3.0"
  dependencies:
    marked "^9.1.6"
    xss "^1.0.14"

marked@^9.1.6:
  version "9.1.6"

media-typer@0.3.0:
  version "0.3.0"

memoize-one@^6.0.0:
  version "6.0.0"

merge-stream@^2.0.0:
  version "2.0.0"

merge2@^1.3.0, merge2@^1.4.1:
  version "1.4.1"

methods@^1.1.2:
  version "1.1.2"

micromatch@^4.0.4:
  version "4.0.5"
  dependencies:
    braces "^3.0.2"
    picomatch "^2.3.1"

mime-db@^1.52.0, mime-db@1.52.0:
  version "1.52.0"

mime-types@^2.1.12, mime-types@^2.1.18, mime-types@~2.1.24, mime-types@~2.1.34:
  version "2.1.35"
  dependencies:
    mime-db "1.52.0"

mimic-fn@^2.1.0:
  version "2.1.0"

mitt@3.0.0:
  version "3.0.0"

mkdirp-classic@^0.5.2:
  version "0.5.3"

ms@2.1.2:
  version "2.1.2"

nanoid@^3.3.7:
  version "3.3.7"

negotiator@0.6.3:
  version "0.6.3"

node-fetch@2.6.7:
  version "2.6.7"
  dependencies:
    whatwg-url "^5.0.0"

normalize-path@^3.0.0, normalize-path@~3.0.0:
  version "3.0.0"

normalize-wheel-es@^1.2.0:
  version "1.2.0"

npm-run-path@^4.0.1:
  version "4.0.1"
  dependencies:
    path-key "^3.0.0"

ns-require@^1.1.4:
  version "1.1.4"

object-inspect@^1.12.3, object-inspect@^1.9.0:
  version "1.13.1"

on-finished@^2.3.0:
  version "2.4.1"
  dependencies:
    ee-first "1.1.1"

once@^1.3.1, once@^1.4.0:
  version "1.4.0"
  dependencies:
    wrappy "1"

onetime@^5.1.0, onetime@^5.1.2:
  version "5.1.2"
  dependencies:
    mimic-fn "^2.1.0"

only@~0.0.2:
  version "0.0.2"

open@^8.4.2:
  version "8.4.2"
  dependencies:
    define-lazy-prop "^2.0.0"
    is-docker "^2.1.1"
    is-wsl "^2.2.0"

ora@^5.4.1:
  version "5.4.1"
  dependencies:
    bl "^4.1.0"
    chalk "^4.1.0"
    cli-cursor "^3.1.0"
    cli-spinners "^2.5.0"
    is-interactive "^1.0.0"
    is-unicode-supported "^0.1.0"
    log-symbols "^4.1.0"
    strip-ansi "^6.0.0"
    wcwidth "^1.0.1"

p-map@^4.0.0:
  version "4.0.0"
  dependencies:
    aggregate-error "^3.0.0"

parseurl@^1.3.2, parseurl@^1.3.3:
  version "1.3.3"

path-key@^3.0.0, path-key@^3.1.0:
  version "3.1.1"

path-to-regexp@^6.1.0, path-to-regexp@^6.2.1:
  version "6.2.1"

path-type@^4.0.0:
  version "4.0.0"

peek-readable@^4.1.0:
  version "4.1.0"

pend@~1.2.0:
  version "1.2.0"

picocolors@^1.0.0:
  version "1.0.0"

picomatch@^2.0.4, picomatch@^2.2.1, picomatch@^2.3.1:
  version "2.3.1"

postcss@^8.4.27, postcss@^8.4.32:
  version "8.4.32"
  dependencies:
    nanoid "^3.3.7"
    picocolors "^1.0.0"
    source-map-js "^1.0.2"

postgres@^3.4.3:
  version "3.4.3"
  resolved "https://registry.npmjs.org/postgres/-/postgres-3.4.3.tgz"
  integrity sha512-iHJn4+M9vbTdHSdDzNkC0crHq+1CUdFhx+YqCE+SqWxPjm+Zu63jq7yZborOBF64c8pc58O5uMudyL1FQcHacA==

progress@2.0.3:
  version "2.0.3"

prompts@^2.4.2:
  version "2.4.2"
  dependencies:
    kleur "^3.0.3"
    sisteransi "^1.0.5"

proxy-from-env@^1.1.0, proxy-from-env@1.1.0:
  version "1.1.0"

pump@^3.0.0:
  version "3.0.0"
  dependencies:
    end-of-stream "^1.1.0"
    once "^1.3.1"

puppeteer-core@^19.11.1:
  version "19.11.1"
  dependencies:
    "@puppeteer/browsers" "0.5.0"
    chromium-bidi "0.4.7"
    cross-fetch "3.1.5"
    debug "4.3.4"
    devtools-protocol "0.0.1107588"
    extract-zip "2.0.1"
    https-proxy-agent "5.0.1"
    proxy-from-env "1.1.0"
    tar-fs "2.1.1"
    unbzip2-stream "1.4.3"
    ws "8.13.0"

puppeteer-finder@^1.1.0:
  version "1.1.0"

qface@^1.4.1:
  version "1.4.1"

qs@^6.5.2:
  version "6.11.2"
  dependencies:
    side-channel "^1.0.4"

queue-microtask@^1.2.2:
  version "1.2.3"

raw-body@^2.3.3:
  version "2.5.2"
  dependencies:
    bytes "3.1.2"
    http-errors "2.0.0"
    iconv-lite "0.4.24"
    unpipe "1.0.0"

readable-stream@^3.1.1, readable-stream@^3.4.0, readable-stream@^3.6.0:
  version "3.6.2"
  dependencies:
    inherits "^2.0.3"
    string_decoder "^1.1.1"
    util-deprecate "^1.0.1"

readable-web-to-node-stream@^3.0.0:
  version "3.0.2"
  dependencies:
    readable-stream "^3.6.0"

readdirp@~3.6.0:
  version "3.6.0"
  dependencies:
    picomatch "^2.2.1"

reggol@^1.6.3:
  version "1.6.3"
  dependencies:
    cosmokit "^1.5.1"
    object-inspect "^1.12.3"
    supports-color "^8.1.1"

require-directory@^2.1.1:
  version "2.1.1"

restore-cursor@^3.1.0:
  version "3.1.0"
  dependencies:
    onetime "^5.1.0"
    signal-exit "^3.0.2"

reusify@^1.0.4:
  version "1.0.4"

rollup@^1.20.0||^2.0.0||^3.0.0||^4.0.0, rollup@^3.27.1:
  version "3.29.4"
  optionalDependencies:
    fsevents "~2.3.2"

run-parallel@^1.1.9:
  version "1.2.0"
  dependencies:
    queue-microtask "^1.2.2"

safe-buffer@~5.2.0, safe-buffer@5.2.1:
  version "5.2.1"

"safer-buffer@>= 2.1.2 < 3":
  version "2.1.2"

sass@*, sass@^1.69.5:
  version "1.69.5"
  dependencies:
    chokidar ">=3.0.0 <4.0.0"
    immutable "^4.0.0"
    source-map-js ">=0.6.2 <2.0.0"

schemastery-vue@^7.2.2:
  version "7.2.2"
  dependencies:
    schemastery "^3.14.2"

schemastery@^3.14.1, schemastery@^3.14.2:
  version "3.14.2"
  dependencies:
    cosmokit "^1.5.1"

semver@^7.5.4:
  version "7.5.4"
  dependencies:
    lru-cache "^6.0.0"

set-function-length@^1.1.1:
  version "1.1.1"
  dependencies:
    define-data-property "^1.1.1"
    get-intrinsic "^1.2.1"
    gopd "^1.0.1"
    has-property-descriptors "^1.0.0"

setprototypeof@1.2.0:
  version "1.2.0"

shebang-command@^2.0.0:
  version "2.0.0"
  dependencies:
    shebang-regex "^3.0.0"

shebang-regex@^3.0.0:
  version "3.0.0"

side-channel@^1.0.4:
  version "1.0.4"
  dependencies:
    call-bind "^1.0.0"
    get-intrinsic "^1.0.2"
    object-inspect "^1.9.0"

signal-exit@^3.0.2, signal-exit@^3.0.3:
  version "3.0.7"

sisteransi@^1.0.5:
  version "1.0.5"

slash@^3.0.0:
  version "3.0.0"

smart-buffer@^4.2.0:
  version "4.2.0"

socks-proxy-agent@^5.0.1:
  version "5.0.1"
  dependencies:
    agent-base "^6.0.2"
    debug "4"
    socks "^2.3.3"

socks@^2.3.3:
  version "2.7.1"
  dependencies:
    ip "^2.0.0"
    smart-buffer "^4.2.0"

source-map-js@^1.0.2, "source-map-js@>=0.6.2 <2.0.0":
  version "1.0.2"

statuses@^1.5.0, "statuses@>= 1.5.0 < 2":
  version "1.5.0"

statuses@2.0.1:
  version "2.0.1"

string_decoder@^1.1.1:
  version "1.3.0"
  dependencies:
    safe-buffer "~5.2.0"

string-width@^4.1.0, string-width@^4.2.0, string-width@^4.2.3:
  version "4.2.3"
  dependencies:
    emoji-regex "^8.0.0"
    is-fullwidth-code-point "^3.0.0"
    strip-ansi "^6.0.1"

strip-ansi@^6.0.0, strip-ansi@^6.0.1:
  version "6.0.1"
  dependencies:
    ansi-regex "^5.0.1"

strip-final-newline@^2.0.0:
  version "2.0.0"

strtok3@^6.2.4:
  version "6.3.0"
  dependencies:
    "@tokenizer/token" "^0.3.0"
    peek-readable "^4.1.0"

supports-color@^5.3.0:
  version "5.5.0"
  dependencies:
    has-flag "^3.0.0"

supports-color@^7.1.0:
  version "7.2.0"
  dependencies:
    has-flag "^4.0.0"

supports-color@^8.1.1:
  version "8.1.1"
  dependencies:
    has-flag "^4.0.0"

tar-fs@2.1.1:
  version "2.1.1"
  dependencies:
    chownr "^1.1.1"
    mkdirp-classic "^0.5.2"
    pump "^3.0.0"
    tar-stream "^2.1.4"

tar-stream@^2.1.4:
  version "2.2.0"
  dependencies:
    bl "^4.0.3"
    end-of-stream "^1.4.1"
    fs-constants "^1.0.0"
    inherits "^2.0.3"
    readable-stream "^3.1.1"

throttle-debounce@^3.0.1:
  version "3.0.1"

through@^2.3.8:
  version "2.3.8"

to-regex-range@^5.0.1:
  version "5.0.1"
  dependencies:
    is-number "^7.0.0"

toidentifier@1.0.1:
  version "1.0.1"

token-types@^4.1.1:
  version "4.2.1"
  dependencies:
    "@tokenizer/token" "^0.3.0"
    ieee754 "^1.2.1"

tosource@^2.0.0-alpha.3:
  version "2.0.0-alpha.3"

tr46@~0.0.3:
  version "0.0.3"

tsconfig-utils@^3.0.0, tsconfig-utils@^3.1.3:
  version "3.1.3"
  dependencies:
    json5 "^2.2.3"

tsscmp@1.0.6:
  version "1.0.6"

type-is@^1.6.16, type-is@^1.6.18:
  version "1.6.18"
  dependencies:
    media-typer "0.3.0"
    mime-types "~2.1.24"

typescript@*, typescript@^5.3.2, "typescript@>= 4.7.4":
  version "5.3.3"

unbzip2-stream@1.4.3:
  version "1.4.3"
  dependencies:
    buffer "^5.2.1"
    through "^2.3.8"

undici-types@~5.26.4:
  version "5.26.5"

universalify@^2.0.0:
  version "2.0.1"

unpipe@1.0.0:
  version "1.0.0"

util-deprecate@^1.0.1:
  version "1.0.2"

uuid@^8.3.2:
  version "8.3.2"

uuid@^9.0.0:
  version "9.0.1"

vary@^1.1.2:
  version "1.1.2"

"vite@^2.6.0 || ^3.0.0 || ^4.0.0", "vite@^4.0.0 || ^5.0.0", vite@^4.5.0:
  version "4.5.1"
  dependencies:
    esbuild "^0.18.10"
    postcss "^8.4.27"
    rollup "^3.27.1"
  optionalDependencies:
    fsevents "~2.3.2"

vue-demi@*, vue-demi@>=0.14.6:
  version "0.14.6"

vue-i18n@^9.8.0:
  version "9.8.0"
  dependencies:
    "@intlify/core-base" "9.8.0"
    "@intlify/shared" "9.8.0"
    "@vue/devtools-api" "^6.5.0"

vue-router@^4.2.5:
  version "4.2.5"
  dependencies:
    "@vue/devtools-api" "^6.5.0"

vue@^3, vue@^3.0.0, "vue@^3.0.0-0 || ^2.6.0", vue@^3.2.0, vue@^3.2.25, vue@^3.3.13, vue@3.3.13:
  version "3.3.13"
  dependencies:
    "@vue/compiler-dom" "3.3.13"
    "@vue/compiler-sfc" "3.3.13"
    "@vue/runtime-dom" "3.3.13"
    "@vue/server-renderer" "3.3.13"
    "@vue/shared" "3.3.13"

wcwidth@^1.0.1:
  version "1.0.1"
  dependencies:
    defaults "^1.0.3"

webidl-conversions@^3.0.0:
  version "3.0.1"

whatwg-url@^5.0.0:
  version "5.0.0"
  dependencies:
    tr46 "~0.0.3"
    webidl-conversions "^3.0.0"

which-pm-runs@^1.1.0:
  version "1.1.0"

which@^2.0.1:
  version "2.0.2"
  dependencies:
    isexe "^2.0.0"

wrap-ansi@^7.0.0:
  version "7.0.0"
  dependencies:
    ansi-styles "^4.0.0"
    string-width "^4.1.0"
    strip-ansi "^6.0.0"

wrappy@1:
  version "1.0.2"

ws@^8.14.2:
  version "8.15.1"

ws@8.13.0:
  version "8.13.0"

xss@^1.0.14:
  version "1.0.14"
  dependencies:
    commander "^2.20.3"
    cssfilter "0.0.10"

y18n@^5.0.5:
  version "5.0.8"

yakumo-esbuild@^1.0.0-alpha.2:
  version "1.0.0-alpha.2"
  dependencies:
    tsconfig-utils "^3.1.3"
    yaml "^2.3.4"

yakumo-publish-sync@^1.0.0-alpha.1:
  version "1.0.0-alpha.1"

yakumo-tsc@^1.0.0-alpha.2:
  version "1.0.0-alpha.2"
  dependencies:
    atsc "^1.2.2"
    dtsc "^2.3.0"
    tsconfig-utils "^3.1.3"

yakumo@^1.0.0-alpha.3, yakumo@^1.0.0-alpha.5, yakumo@^1.0.0-alpha.9:
  version "1.0.0-alpha.9"
  dependencies:
    "@cordisjs/cli" "^0.2.0"
    cordis "^3.4.1"
    cosmokit "^1.5.1"
    detect-indent "^6.1.0"
    execa "^5.1.1"
    get-registry "^1.1.0"
    globby "^11.1.0"
    kleur "^4.1.5"
    ora "^5.4.1"
    p-map "^4.0.0"
    picomatch "^2.3.1"
    prompts "^2.4.2"
    semver "^7.5.4"
    which-pm-runs "^1.1.0"
    yargs-parser "^21.1.1"
    yargs-unparser "^2.0.0"

yallist@^4.0.0:
  version "4.0.0"

yaml@^2.3.4:
  version "2.3.4"

yargs-parser@^21.1.1:
  version "21.1.1"

yargs-unparser@^2.0.0:
  version "2.0.0"
  dependencies:
    camelcase "^6.0.0"
    decamelize "^4.0.0"
    flat "^5.0.2"
    is-plain-obj "^2.1.0"

yargs@17.7.1:
  version "17.7.1"
  dependencies:
    cliui "^8.0.1"
    escalade "^3.1.1"
    get-caller-file "^2.0.5"
    require-directory "^2.1.1"
    string-width "^4.2.3"
    y18n "^5.0.5"
    yargs-parser "^21.1.1"

yauzl@^2.10.0:
  version "2.10.0"
  dependencies:
    buffer-crc32 "~0.2.3"
    fd-slicer "~1.1.0"

ylru@^1.2.0:
  version "1.3.2"

yml-register@^1.1.0:
  version "1.1.0"
  dependencies:
    js-yaml "^4.1.0"
